
Microsoft Visual Studio Solution File, Format Version 12.00
# Visual Studio Version 17
VisualStudioVersion = 17.14.36212.18 d17.14
MinimumVisualStudioVersion = 10.0.40219.1
Project("{FAE04EC0-301F-11D3-BF4B-00C04F79EFBC}") = "SpotifyPlayListDownloader", "SpotifyPlayListDownloader\SpotifyPlayListDownloader.csproj", "{16F211FD-74EB-4013-B441-72B45FAC029C}"
EndProject
Global
	GlobalSection(SolutionConfigurationPlatforms) = preSolution
		Debug|Any CPU = Debug|Any CPU
		Release|Any CPU = Release|Any CPU
	EndGlobalSection
	GlobalSection(ProjectConfigurationPlatforms) = postSolution
		{16F211FD-74EB-4013-B441-72B45FAC029C}.Debug|Any CPU.ActiveCfg = Debug|Any CPU
		{16F211FD-74EB-4013-B441-72B45FAC029C}.Debug|Any CPU.Build.0 = Debug|Any CPU
		{16F211FD-74EB-4013-B441-72B45FAC029C}.Release|Any CPU.ActiveCfg = Release|Any CPU
		{16F211FD-74EB-4013-B441-72B45FAC029C}.Release|Any CPU.Build.0 = Release|Any CPU
	EndGlobalSection
	GlobalSection(SolutionProperties) = preSolution
		HideSolutionNode = FALSE
	EndGlobalSection
	GlobalSection(ExtensibilityGlobals) = postSolution
		SolutionGuid = {CCEFB68A-2AD5-496A-A28B-86C94F3A10A5}
	EndGlobalSection
EndGlobal
